Microsoft Visual Studio Solution File, Format Version 12.00
# Visual Studio Version 17
VisualStudioVersion = 17.0.31903.59
MinimumVisualStudioVersion = 10.0.40219.1
Project("{FAE04EC0-301F-11D3-BF4B-00C04F79EFBC}") = "PopulationCustomizer", "src\PopulationCustomizer\PopulationCustomizer.csproj", "{D4D1D6B3-0A1D-4E2D-A425-A92720926710}"
EndProject
Project("{FAE04EC0-301F-11D3-BF4B-00C04F79EFBC}") = "PopulationCustomizer.Tests", "tests\PopulationCustomizer.Tests\PopulationCustomizer.Tests.csproj", "{C5E7B872-81D4-4E73-AD1F-EF6FCC2B986D}"
EndProject
Global
	GlobalSection(SolutionConfigurationPlatforms) = preSolution
		Debug|Any CPU = Debug|Any CPU
		Release|Any CPU = Release|Any CPU
	EndGlobalSection
	GlobalSection(ProjectConfigurationPlatforms) = postSolution
		{D4D1D6B3-0A1D-4E2D-A425-A92720926710}.Debug|Any CPU.ActiveCfg = Debug|Any CPU
		{D4D1D6B3-0A1D-4E2D-A425-A92720926710}.Debug|Any CPU.Build.0 = Debug|Any CPU
		{D4D1D6B3-0A1D-4E2D-A425-A92720926710}.Release|Any CPU.ActiveCfg = Release|Any CPU
		{D4D1D6B3-0A1D-4E2D-A425-A92720926710}.Release|Any CPU.Build.0 = Release|Any CPU
		{C5E7B872-81D4-4E73-AD1F-EF6FCC2B986D}.Debug|Any CPU.ActiveCfg = Debug|Any CPU
		{C5E7B872-81D4-4E73-AD1F-EF6FCC2B986D}.Debug|Any CPU.Build.0 = Debug|Any CPU
		{C5E7B872-81D4-4E73-AD1F-EF6FCC2B986D}.Release|Any CPU.ActiveCfg = Release|Any CPU
		{C5E7B872-81D4-4E73-AD1F-EF6FCC2B986D}.Release|Any CPU.Build.0 = Release|Any CPU
	EndGlobalSection
EndGlobal
