Microsoft Visual Studio Solution File, Format Version 12.00
# Visual Studio Version 17
VisualStudioVersion = 17.0.31903.59
MinimumVisualStudioVersion = 10.0.40219.1
Project("{FAE04EC0-301F-11D3-BF4B-00C04F79EFBC}") = "Scaffold", "src\Scaffold\Scaffold.csproj", "{AD73A4D5-A7A5-4F5D-9047-3E0600D991A5}"
EndProject
Project("{FAE04EC0-301F-11D3-BF4B-00C04F79EFBC}") = "Scaffold.Tests", "tests\Scaffold.Tests\Scaffold.Tests.csproj", "{4A92FB14-5038-41F7-947D-BA8C2EB96D1C}"
EndProject
Global
	GlobalSection(SolutionConfigurationPlatforms) = preSolution
		Debug|Any CPU = Debug|Any CPU
		Release|Any CPU = Release|Any CPU
	EndGlobalSection
	GlobalSection(ProjectConfigurationPlatforms) = postSolution
		{AD73A4D5-A7A5-4F5D-9047-3E0600D991A5}.Debug|Any CPU.ActiveCfg = Debug|Any CPU
		{AD73A4D5-A7A5-4F5D-9047-3E0600D991A5}.Debug|Any CPU.Build.0 = Debug|Any CPU
		{AD73A4D5-A7A5-4F5D-9047-3E0600D991A5}.Release|Any CPU.ActiveCfg = Release|Any CPU
		{AD73A4D5-A7A5-4F5D-9047-3E0600D991A5}.Release|Any CPU.Build.0 = Release|Any CPU
		{4A92FB14-5038-41F7-947D-BA8C2EB96D1C}.Debug|Any CPU.ActiveCfg = Debug|Any CPU
		{4A92FB14-5038-41F7-947D-BA8C2EB96D1C}.Debug|Any CPU.Build.0 = Debug|Any CPU
		{4A92FB14-5038-41F7-947D-BA8C2EB96D1C}.Release|Any CPU.ActiveCfg = Release|Any CPU
		{4A92FB14-5038-41F7-947D-BA8C2EB96D1C}.Release|Any CPU.Build.0 = Release|Any CPU
	EndGlobalSection
EndGlobal
