Microsoft Visual Studio Solution File, Format Version 12.00
# Visual Studio Version 17
VisualStudioVersion = 17.0.31903.59
MinimumVisualStudioVersion = 10.0.40219.1
Project("{FAE04EC0-301F-11D3-BF4B-00C04F79EFBC}") = "GodViewManagement", "src\GodViewManagement\GodViewManagement.csproj", "{3B8B5D50-8DFB-4B72-9FF1-D11D5AB07731}"
EndProject
Project("{FAE04EC0-301F-11D3-BF4B-00C04F79EFBC}") = "GodViewManagement.Tests", "tests\GodViewManagement.Tests\GodViewManagement.Tests.csproj", "{78558244-F93E-43EF-A138-07E963424554}"
EndProject
Global
	GlobalSection(SolutionConfigurationPlatforms) = preSolution
		Debug|Any CPU = Debug|Any CPU
		Release|Any CPU = Release|Any CPU
	EndGlobalSection
	GlobalSection(ProjectConfigurationPlatforms) = postSolution
		{3B8B5D50-8DFB-4B72-9FF1-D11D5AB07731}.Debug|Any CPU.ActiveCfg = Debug|Any CPU
		{3B8B5D50-8DFB-4B72-9FF1-D11D5AB07731}.Debug|Any CPU.Build.0 = Debug|Any CPU
		{3B8B5D50-8DFB-4B72-9FF1-D11D5AB07731}.Release|Any CPU.ActiveCfg = Release|Any CPU
		{3B8B5D50-8DFB-4B72-9FF1-D11D5AB07731}.Release|Any CPU.Build.0 = Release|Any CPU
		{78558244-F93E-43EF-A138-07E963424554}.Debug|Any CPU.ActiveCfg = Debug|Any CPU
		{78558244-F93E-43EF-A138-07E963424554}.Debug|Any CPU.Build.0 = Debug|Any CPU
		{78558244-F93E-43EF-A138-07E963424554}.Release|Any CPU.ActiveCfg = Release|Any CPU
		{78558244-F93E-43EF-A138-07E963424554}.Release|Any CPU.Build.0 = Release|Any CPU
	EndGlobalSection
EndGlobal
