Microsoft Visual Studio Solution File, Format Version 12.00
# Visual Studio Version 17
VisualStudioVersion = 17.0.31903.59
MinimumVisualStudioVersion = 10.0.40219.1
Project("{FAE04EC0-301F-11D3-BF4B-00C04F79EFBC}") = "RestroomBathFun", "src\RestroomBathFun\RestroomBathFun.csproj", "{4EE28696-11AC-46E1-B080-C6F4173C677A}"
EndProject
Project("{FAE04EC0-301F-11D3-BF4B-00C04F79EFBC}") = "RestroomBathFun.Tests", "tests\RestroomBathFun.Tests\RestroomBathFun.Tests.csproj", "{D1D87A19-0382-4B17-8872-C624DD5ACBF1}"
EndProject
Global
	GlobalSection(SolutionConfigurationPlatforms) = preSolution
		Debug|Any CPU = Debug|Any CPU
		Release|Any CPU = Release|Any CPU
	EndGlobalSection
	GlobalSection(ProjectConfigurationPlatforms) = postSolution
		{4EE28696-11AC-46E1-B080-C6F4173C677A}.Debug|Any CPU.ActiveCfg = Debug|Any CPU
		{4EE28696-11AC-46E1-B080-C6F4173C677A}.Debug|Any CPU.Build.0 = Debug|Any CPU
		{4EE28696-11AC-46E1-B080-C6F4173C677A}.Release|Any CPU.ActiveCfg = Release|Any CPU
		{4EE28696-11AC-46E1-B080-C6F4173C677A}.Release|Any CPU.Build.0 = Release|Any CPU
		{D1D87A19-0382-4B17-8872-C624DD5ACBF1}.Debug|Any CPU.ActiveCfg = Debug|Any CPU
		{D1D87A19-0382-4B17-8872-C624DD5ACBF1}.Debug|Any CPU.Build.0 = Debug|Any CPU
		{D1D87A19-0382-4B17-8872-C624DD5ACBF1}.Release|Any CPU.ActiveCfg = Release|Any CPU
		{D1D87A19-0382-4B17-8872-C624DD5ACBF1}.Release|Any CPU.Build.0 = Release|Any CPU
	EndGlobalSection
EndGlobal
